<Solution>
  <Project Path="Mucka.csproj" />
  <Project Path="Mucka.Input/Mucka.Input.csproj" />
  <Project Path="Mucka.Terminal/Mucka.Terminal.csproj" />
  <Project Path="Mucka.Terminal.Tests/Mucka.Terminal.Tests.csproj" />
  <Project Path="Mucka.Util/Mucka.WireLog/Mucka.WireLog.csproj" />
  <Project Path="Mucka.Util/Mucka.Combat/Mucka.Combat.csproj" />
  <Project Path="Mucka.Util/Mucka.Commands/Mucka.Commands.csproj" />
  <Project Path="Mucka.Util/Mucka.Sounds/Mucka.Sounds.csproj" />
  <Project Path="Mucka.Util/Mucka.Util.Tests/Mucka.Util.Tests.csproj" />
  <Project Path="mudsharp.Tests/mudsharp.Tests.csproj" />
  <Project Path="mudsharp/mudsharp.csproj" />
</Solution>
