<Solution>
  <Project Path="Mucka.csproj" />
  <Project Path="Mucka.Input/Mucka.Input.csproj" />
  <Project Path="Mucka.Terminal/Mucka.Terminal.csproj" />
  <Project Path="Mucka.Terminal.Tests/Mucka.Terminal.Tests.csproj" />
  <Project Path="mudsharp.Tests/mudsharp.Tests.csproj" />
  <Project Path="mudsharp/mudsharp.csproj" />
</Solution>
